
Microsoft Visual Studio Solution File, Format Version 12.00
# Visual Studio 15
VisualStudioVersion = 15.0.27130.2026
MinimumVisualStudioVersion = 10.0.40219.1
Project("{F2A71F9B-5D33-465A-A702-920D77279786}") = "Morabaraba 2.0", "Morabaraba 2.0\Morabaraba 2.0.fsproj", "{E0F158D8-D8E5-4074-83AD-968C8E571D15}"
EndProject
Global
	GlobalSection(SolutionConfigurationPlatforms) = preSolution
		Debug|Any CPU = Debug|Any CPU
		Release|Any CPU = Release|Any CPU
	EndGlobalSection
	GlobalSection(ProjectConfigurationPlatforms) = postSolution
		{E0F158D8-D8E5-4074-83AD-968C8E571D15}.Debug|Any CPU.ActiveCfg = Debug|Any CPU
		{E0F158D8-D8E5-4074-83AD-968C8E571D15}.Debug|Any CPU.Build.0 = Debug|Any CPU
		{E0F158D8-D8E5-4074-83AD-968C8E571D15}.Release|Any CPU.ActiveCfg = Release|Any CPU
		{E0F158D8-D8E5-4074-83AD-968C8E571D15}.Release|Any CPU.Build.0 = Release|Any CPU
	EndGlobalSection
	GlobalSection(SolutionProperties) = preSolution
		HideSolutionNode = FALSE
	EndGlobalSection
	GlobalSection(ExtensibilityGlobals) = postSolution
		SolutionGuid = {3EA78347-71FD-4642-B148-BC8C424C44C0}
	EndGlobalSection
EndGlobal
